// !$*UTF8*$!
{
	archiveVersion = 1;
	classes = {
	};
	objectVersion = 56;
	objects = {

/* Begin PBXBuildFile section */
		341063542C39D60300FC128A /* AppDelegate.swift in Sources */ = {isa = PBXBuildFile; fileRef = 341063532C39D60300FC128A /* AppDelegate.swift */; };
		341063562C39D60300FC128A /* SceneDelegate.swift in Sources */ = {isa = PBXBuildFile; fileRef = 341063552C39D60300FC128A /* SceneDelegate.swift */; };
		341063582C39D60300FC128A /* NewsVC.swift in Sources */ = {isa = PBXBuildFile; fileRef = 341063572C39D60300FC128A /* NewsVC.swift */; };
		3410635B2C39D60300FC128A /* News.storyboard in Resources */ = {isa = PBXBuildFile; fileRef = 341063592C39D60300FC128A /* News.storyboard */; };
		3410635D2C39D60500FC128A /* Assets.xcassets in Resources */ = {isa = PBXBuildFile; fileRef = 3410635C2C39D60500FC128A /* Assets.xcassets */; };
		341063602C39D60500FC128A /* LaunchScreen.storyboard in Resources */ = {isa = PBXBuildFile; fileRef = 3410635E2C39D60500FC128A /* LaunchScreen.storyboard */; };
		3410636B2C39D60500FC128A /* News_AppTests.swift in Sources */ = {isa = PBXBuildFile; fileRef = 3410636A2C39D60500FC128A /* News_AppTests.swift */; };
		341063752C39D60500FC128A /* News_AppUITests.swift in Sources */ = {isa = PBXBuildFile; fileRef = 341063742C39D60500FC128A /* News_AppUITests.swift */; };
		341063772C39D60500FC128A /* News_AppUITestsLaunchTests.swift in Sources */ = {isa = PBXBuildFile; fileRef = 341063762C39D60500FC128A /* News_AppUITestsLaunchTests.swift */; };
		34C54EE22C3BF132002DDE6A /* ActivityIndicator.swift in Sources */ = {isa = PBXBuildFile; fileRef = 34C54EE12C3BF132002DDE6A /* ActivityIndicator.swift */; };
		34C54EE42C3BF14E002DDE6A /* Popup.swift in Sources */ = {isa = PBXBuildFile; fileRef = 34C54EE32C3BF14E002DDE6A /* Popup.swift */; };
		34C54EE62C3BF8E6002DDE6A /* ArticleVC.swift in Sources */ = {isa = PBXBuildFile; fileRef = 34C54EE52C3BF8E6002DDE6A /* ArticleVC.swift */; };
		34C54EE82C3BFA95002DDE6A /* ImageLoader.swift in Sources */ = {isa = PBXBuildFile; fileRef = 34C54EE72C3BFA95002DDE6A /* ImageLoader.swift */; };
		34D0928E2C3BC35E00B6D6A7 /* NewsViewModel.swift in Sources */ = {isa = PBXBuildFile; fileRef = 34D0928D2C3BC35E00B6D6A7 /* NewsViewModel.swift */; };
		34D092902C3BC3D300B6D6A7 /* News.swift in Sources */ = {isa = PBXBuildFile; fileRef = 34D0928F2C3BC3D300B6D6A7 /* News.swift */; };
		34D092922C3BC45800B6D6A7 /* NewsAPIManager.swift in Sources */ = {isa = PBXBuildFile; fileRef = 34D092912C3BC45800B6D6A7 /* NewsAPIManager.swift */; };
		34D092942C3BC51300B6D6A7 /* NetworkManager.swift in Sources */ = {isa = PBXBuildFile; fileRef = 34D092932C3BC51300B6D6A7 /* NetworkManager.swift */; };
		34D092962C3BC5DB00B6D6A7 /* Routes.swift in Sources */ = {isa = PBXBuildFile; fileRef = 34D092952C3BC5DB00B6D6A7 /* Routes.swift */; };
		34D0929A2C3BC97200B6D6A7 /* Constants.swift in Sources */ = {isa = PBXBuildFile; fileRef = 34D092992C3BC97200B6D6A7 /* Constants.swift */; };
		34D0929C2C3BE26000B6D6A7 /* NewsAdapter.swift in Sources */ = {isa = PBXBuildFile; fileRef = 34D0929B2C3BE26000B6D6A7 /* NewsAdapter.swift */; };
		34D0929F2C3BE29800B6D6A7 /* NewsCell.swift in Sources */ = {isa = PBXBuildFile; fileRef = 34D0929D2C3BE29800B6D6A7 /* NewsCell.swift */; };
		34D092A02C3BE29800B6D6A7 /* NewsCell.xib in Resources */ = {isa = PBXBuildFile; fileRef = 34D0929E2C3BE29800B6D6A7 /* NewsCell.xib */; };
/* End PBXBuildFile section */

/* Begin PBXContainerItemProxy section */
		341063672C39D60500FC128A /* PBXContainerItemProxy */ = {
			isa = PBXContainerItemProxy;
			containerPortal = 341063482C39D60300FC128A /* Project object */;
			proxyType = 1;
			remoteGlobalIDString = 3410634F2C39D60300FC128A;
			remoteInfo = "News App";
		};
		341063712C39D60500FC128A /* PBXContainerItemProxy */ = {
			isa = PBXContainerItemProxy;
			containerPortal = 341063482C39D60300FC128A /* Project object */;
			proxyType = 1;
			remoteGlobalIDString = 3410634F2C39D60300FC128A;
			remoteInfo = "News App";
		};
/* End PBXContainerItemProxy section */

/* Begin PBXFileReference section */
		341063502C39D60300FC128A /* News App.app */ = {isa = PBXFileReference; explicitFileType = wrapper.application; includeInIndex = 0; path = "News App.app"; sourceTree = BUILT_PRODUCTS_DIR; };
		341063532C39D60300FC128A /* AppDelegate.swift */ = {isa = PBXFileReference; lastKnownFileType = sourcecode.swift; path = AppDelegate.swift; sourceTree = "<group>"; };
		341063552C39D60300FC128A /* SceneDelegate.swift */ = {isa = PBXFileReference; lastKnownFileType = sourcecode.swift; path = SceneDelegate.swift; sourceTree = "<group>"; };
		341063572C39D60300FC128A /* NewsVC.swift */ = {isa = PBXFileReference; lastKnownFileType = sourcecode.swift; path = NewsVC.swift; sourceTree = "<group>"; };
		3410635A2C39D60300FC128A /* Base */ = {isa = PBXFileReference; lastKnownFileType = file.storyboard; name = Base; path = Base.lproj/News.storyboard; sourceTree = "<group>"; };
		3410635C2C39D60500FC128A /* Assets.xcassets */ = {isa = PBXFileReference; lastKnownFileType = folder.assetcatalog; path = Assets.xcassets; sourceTree = "<group>"; };
		3410635F2C39D60500FC128A /* Base */ = {isa = PBXFileReference; lastKnownFileType = file.storyboard; name = Base; path = Base.lproj/LaunchScreen.storyboard; sourceTree = "<group>"; };
		341063612C39D60500FC128A /* Info.plist */ = {isa = PBXFileReference; lastKnownFileType = text.plist.xml; path = Info.plist; sourceTree = "<group>"; };
		341063662C39D60500FC128A /* News AppTests.xctest */ = {isa = PBXFileReference; explicitFileType = wrapper.cfbundle; includeInIndex = 0; path = "News AppTests.xctest"; sourceTree = BUILT_PRODUCTS_DIR; };
		3410636A2C39D60500FC128A /* News_AppTests.swift */ = {isa = PBXFileReference; lastKnownFileType = sourcecode.swift; path = News_AppTests.swift; sourceTree = "<group>"; };
		341063702C39D60500FC128A /* News AppUITests.xctest */ = {isa = PBXFileReference; explicitFileType = wrapper.cfbundle; includeInIndex = 0; path = "News AppUITests.xctest"; sourceTree = BUILT_PRODUCTS_DIR; };
		341063742C39D60500FC128A /* News_AppUITests.swift */ = {isa = PBXFileReference; lastKnownFileType = sourcecode.swift; path = News_AppUITests.swift; sourceTree = "<group>"; };
		341063762C39D60500FC128A /* News_AppUITestsLaunchTests.swift */ = {isa = PBXFileReference; lastKnownFileType = sourcecode.swift; path = News_AppUITestsLaunchTests.swift; sourceTree = "<group>"; };
		34C54EE12C3BF132002DDE6A /* ActivityIndicator.swift */ = {isa = PBXFileReference; lastKnownFileType = sourcecode.swift; path = ActivityIndicator.swift; sourceTree = "<group>"; };
		34C54EE32C3BF14E002DDE6A /* Popup.swift */ = {isa = PBXFileReference; lastKnownFileType = sourcecode.swift; path = Popup.swift; sourceTree = "<group>"; };
		34C54EE52C3BF8E6002DDE6A /* ArticleVC.swift */ = {isa = PBXFileReference; lastKnownFileType = sourcecode.swift; path = ArticleVC.swift; sourceTree = "<group>"; };
		34C54EE72C3BFA95002DDE6A /* ImageLoader.swift */ = {isa = PBXFileReference; lastKnownFileType = sourcecode.swift; path = ImageLoader.swift; sourceTree = "<group>"; };
		34D0928D2C3BC35E00B6D6A7 /* NewsViewModel.swift */ = {isa = PBXFileReference; lastKnownFileType = sourcecode.swift; path = NewsViewModel.swift; sourceTree = "<group>"; };
		34D0928F2C3BC3D300B6D6A7 /* News.swift */ = {isa = PBXFileReference; lastKnownFileType = sourcecode.swift; path = News.swift; sourceTree = "<group>"; };
		34D092912C3BC45800B6D6A7 /* NewsAPIManager.swift */ = {isa = PBXFileReference; lastKnownFileType = sourcecode.swift; path = NewsAPIManager.swift; sourceTree = "<group>"; };
		34D092932C3BC51300B6D6A7 /* NetworkManager.swift */ = {isa = PBXFileReference; lastKnownFileType = sourcecode.swift; path = NetworkManager.swift; sourceTree = "<group>"; };
		34D092952C3BC5DB00B6D6A7 /* Routes.swift */ = {isa = PBXFileReference; lastKnownFileType = sourcecode.swift; path = Routes.swift; sourceTree = "<group>"; };
		34D092992C3BC97200B6D6A7 /* Constants.swift */ = {isa = PBXFileReference; lastKnownFileType = sourcecode.swift; path = Constants.swift; sourceTree = "<group>"; };
		34D0929B2C3BE26000B6D6A7 /* NewsAdapter.swift */ = {isa = PBXFileReference; lastKnownFileType = sourcecode.swift; path = NewsAdapter.swift; sourceTree = "<group>"; };
		34D0929D2C3BE29800B6D6A7 /* NewsCell.swift */ = {isa = PBXFileReference; lastKnownFileType = sourcecode.swift; path = NewsCell.swift; sourceTree = "<group>"; };
		34D0929E2C3BE29800B6D6A7 /* NewsCell.xib */ = {isa = PBXFileReference; lastKnownFileType = file.xib; path = NewsCell.xib; sourceTree = "<group>"; };
/* End PBXFileReference section */

/* Begin PBXFrameworksBuildPhase section */
		3410634D2C39D60300FC128A /* Frameworks */ = {
			isa = PBXFrameworksBuildPhase;
			buildActionMask = 2147483647;
			files = (
			);
			runOnlyForDeploymentPostprocessing = 0;
		};
		341063632C39D60500FC128A /* Frameworks */ = {
			isa = PBXFrameworksBuildPhase;
			buildActionMask = 2147483647;
			files = (
			);
			runOnlyForDeploymentPostprocessing = 0;
		};
		3410636D2C39D60500FC128A /* Frameworks */ = {
			isa = PBXFrameworksBuildPhase;
			buildActionMask = 2147483647;
			files = (
			);
			runOnlyForDeploymentPostprocessing = 0;
		};
/* End PBXFrameworksBuildPhase section */

/* Begin PBXGroup section */
		341063472C39D60300FC128A = {
			isa = PBXGroup;
			children = (
				341063522C39D60300FC128A /* News App */,
				341063692C39D60500FC128A /* News AppTests */,
				341063732C39D60500FC128A /* News AppUITests */,
				341063512C39D60300FC128A /* Products */,
			);
			sourceTree = "<group>";
		};
		341063512C39D60300FC128A /* Products */ = {
			isa = PBXGroup;
			children = (
				341063502C39D60300FC128A /* News App.app */,
				341063662C39D60500FC128A /* News AppTests.xctest */,
				341063702C39D60500FC128A /* News AppUITests.xctest */,
			);
			name = Products;
			sourceTree = "<group>";
		};
		341063522C39D60300FC128A /* News App */ = {
			isa = PBXGroup;
			children = (
				34D092A12C3BE60900B6D6A7 /* News */,
				3489F18B2C3B2BA5009CE7C3 /* Networking */,
				34C54EE02C3BF121002DDE6A /* Utilities */,
				34C54EDC2C3BEDA0002DDE6A /* App */,
				34C54EDF2C3BEE6B002DDE6A /* Resources */,
				34C54EDE2C3BEE62002DDE6A /* Configuration */,
				34C54EDD2C3BEE54002DDE6A /* Assets */,
			);
			path = "News App";
			sourceTree = "<group>";
		};
		341063692C39D60500FC128A /* News AppTests */ = {
			isa = PBXGroup;
			children = (
				3410636A2C39D60500FC128A /* News_AppTests.swift */,
			);
			path = "News AppTests";
			sourceTree = "<group>";
		};
		341063732C39D60500FC128A /* News AppUITests */ = {
			isa = PBXGroup;
			children = (
				341063742C39D60500FC128A /* News_AppUITests.swift */,
				341063762C39D60500FC128A /* News_AppUITestsLaunchTests.swift */,
			);
			path = "News AppUITests";
			sourceTree = "<group>";
		};
		3489F1872C3B2B1C009CE7C3 /* Storyboard */ = {
			isa = PBXGroup;
			children = (
				341063592C39D60300FC128A /* News.storyboard */,
			);
			path = Storyboard;
			sourceTree = "<group>";
		};
		3489F1882C3B2B3D009CE7C3 /* Models */ = {
			isa = PBXGroup;
			children = (
				34D0928F2C3BC3D300B6D6A7 /* News.swift */,
			);
			path = Models;
			sourceTree = "<group>";
		};
		3489F1892C3B2B60009CE7C3 /* Cells */ = {
			isa = PBXGroup;
			children = (
				34D0929D2C3BE29800B6D6A7 /* NewsCell.swift */,
				34D0929E2C3BE29800B6D6A7 /* NewsCell.xib */,
			);
			path = Cells;
			sourceTree = "<group>";
		};
		3489F18A2C3B2B76009CE7C3 /* View Models */ = {
			isa = PBXGroup;
			children = (
				34D0928D2C3BC35E00B6D6A7 /* NewsViewModel.swift */,
			);
			path = "View Models";
			sourceTree = "<group>";
		};
		3489F18B2C3B2BA5009CE7C3 /* Networking */ = {
			isa = PBXGroup;
			children = (
				34D092932C3BC51300B6D6A7 /* NetworkManager.swift */,
				34D092952C3BC5DB00B6D6A7 /* Routes.swift */,
				34D092992C3BC97200B6D6A7 /* Constants.swift */,
			);
			path = Networking;
			sourceTree = "<group>";
		};
		3489F18C2C3B2BEA009CE7C3 /* API Manager */ = {
			isa = PBXGroup;
			children = (
				34D092912C3BC45800B6D6A7 /* NewsAPIManager.swift */,
			);
			path = "API Manager";
			sourceTree = "<group>";
		};
		3489F18D2C3B2BFB009CE7C3 /* Controllers */ = {
			isa = PBXGroup;
			children = (
				341063572C39D60300FC128A /* NewsVC.swift */,
				34C54EE52C3BF8E6002DDE6A /* ArticleVC.swift */,
			);
			path = Controllers;
			sourceTree = "<group>";
		};
		3489F18E2C3B2C16009CE7C3 /* Adaptor */ = {
			isa = PBXGroup;
			children = (
				34D0929B2C3BE26000B6D6A7 /* NewsAdapter.swift */,
			);
			path = Adaptor;
			sourceTree = "<group>";
		};
		34C54EDC2C3BEDA0002DDE6A /* App */ = {
			isa = PBXGroup;
			children = (
				341063532C39D60300FC128A /* AppDelegate.swift */,
				341063552C39D60300FC128A /* SceneDelegate.swift */,
			);
			path = App;
			sourceTree = "<group>";
		};
		34C54EDD2C3BEE54002DDE6A /* Assets */ = {
			isa = PBXGroup;
			children = (
				3410635C2C39D60500FC128A /* Assets.xcassets */,
			);
			path = Assets;
			sourceTree = "<group>";
		};
		34C54EDE2C3BEE62002DDE6A /* Configuration */ = {
			isa = PBXGroup;
			children = (
				341063612C39D60500FC128A /* Info.plist */,
			);
			path = Configuration;
			sourceTree = "<group>";
		};
		34C54EDF2C3BEE6B002DDE6A /* Resources */ = {
			isa = PBXGroup;
			children = (
				3410635E2C39D60500FC128A /* LaunchScreen.storyboard */,
			);
			path = Resources;
			sourceTree = "<group>";
		};
		34C54EE02C3BF121002DDE6A /* Utilities */ = {
			isa = PBXGroup;
			children = (
				34C54EE12C3BF132002DDE6A /* ActivityIndicator.swift */,
				34C54EE32C3BF14E002DDE6A /* Popup.swift */,
				34C54EE72C3BFA95002DDE6A /* ImageLoader.swift */,
			);
			path = Utilities;
			sourceTree = "<group>";
		};
		34D092A12C3BE60900B6D6A7 /* News */ = {
			isa = PBXGroup;
			children = (
				3489F1892C3B2B60009CE7C3 /* Cells */,
				3489F1882C3B2B3D009CE7C3 /* Models */,
				3489F18C2C3B2BEA009CE7C3 /* API Manager */,
				3489F18A2C3B2B76009CE7C3 /* View Models */,
				3489F18E2C3B2C16009CE7C3 /* Adaptor */,
				3489F18D2C3B2BFB009CE7C3 /* Controllers */,
				3489F1872C3B2B1C009CE7C3 /* Storyboard */,
			);
			path = News;
			sourceTree = "<group>";
		};
/* End PBXGroup section */

/* Begin PBXNativeTarget section */
		3410634F2C39D60300FC128A /* News App */ = {
			isa = PBXNativeTarget;
			buildConfigurationList = 3410637A2C39D60500FC128A /* Build configuration list for PBXNativeTarget "News App" */;
			buildPhases = (
				3410634C2C39D60300FC128A /* Sources */,
				3410634D2C39D60300FC128A /* Frameworks */,
				3410634E2C39D60300FC128A /* Resources */,
			);
			buildRules = (
			);
			dependencies = (
			);
			name = "News App";
			productName = "News App";
			productReference = 341063502C39D60300FC128A /* News App.app */;
			productType = "com.apple.product-type.application";
		};
		341063652C39D60500FC128A /* News AppTests */ = {
			isa = PBXNativeTarget;
			buildConfigurationList = 3410637D2C39D60500FC128A /* Build configuration list for PBXNativeTarget "News AppTests" */;
			buildPhases = (
				341063622C39D60500FC128A /* Sources */,
				341063632C39D60500FC128A /* Frameworks */,
				341063642C39D60500FC128A /* Resources */,
			);
			buildRules = (
			);
			dependencies = (
				341063682C39D60500FC128A /* PBXTargetDependency */,
			);
			name = "News AppTests";
			productName = "News AppTests";
			productReference = 341063662C39D60500FC128A /* News AppTests.xctest */;
			productType = "com.apple.product-type.bundle.unit-test";
		};
		3410636F2C39D60500FC128A /* News AppUITests */ = {
			isa = PBXNativeTarget;
			buildConfigurationList = 341063802C39D60500FC128A /* Build configuration list for PBXNativeTarget "News AppUITests" */;
			buildPhases = (
				3410636C2C39D60500FC128A /* Sources */,
				3410636D2C39D60500FC128A /* Frameworks */,
				3410636E2C39D60500FC128A /* Resources */,
			);
			buildRules = (
			);
			dependencies = (
				341063722C39D60500FC128A /* PBXTargetDependency */,
			);
			name = "News AppUITests";
			productName = "News AppUITests";
			productReference = 341063702C39D60500FC128A /* News AppUITests.xctest */;
			productType = "com.apple.product-type.bundle.ui-testing";
		};
/* End PBXNativeTarget section */

/* Begin PBXProject section */
		341063482C39D60300FC128A /* Project object */ = {
			isa = PBXProject;
			attributes = {
				BuildIndependentTargetsInParallel = 1;
				LastSwiftUpdateCheck = 1520;
				LastUpgradeCheck = 1520;
				TargetAttributes = {
					3410634F2C39D60300FC128A = {
						CreatedOnToolsVersion = 15.2;
					};
					341063652C39D60500FC128A = {
						CreatedOnToolsVersion = 15.2;
						TestTargetID = 3410634F2C39D60300FC128A;
					};
					3410636F2C39D60500FC128A = {
						CreatedOnToolsVersion = 15.2;
						TestTargetID = 3410634F2C39D60300FC128A;
					};
				};
			};
			buildConfigurationList = 3410634B2C39D60300FC128A /* Build configuration list for PBXProject "News App" */;
			compatibilityVersion = "Xcode 14.0";
			developmentRegion = en;
			hasScannedForEncodings = 0;
			knownRegions = (
				en,
				Base,
			);
			mainGroup = 341063472C39D60300FC128A;
			productRefGroup = 341063512C39D60300FC128A /* Products */;
			projectDirPath = "";
			projectRoot = "";
			targets = (
				3410634F2C39D60300FC128A /* News App */,
				341063652C39D60500FC128A /* News AppTests */,
				3410636F2C39D60500FC128A /* News AppUITests */,
			);
		};
/* End PBXProject section */

/* Begin PBXResourcesBuildPhase section */
		3410634E2C39D60300FC128A /* Resources */ = {
			isa = PBXResourcesBuildPhase;
			buildActionMask = 2147483647;
			files = (
				341063602C39D60500FC128A /* LaunchScreen.storyboard in Resources */,
				3410635D2C39D60500FC128A /* Assets.xcassets in Resources */,
				34D092A02C3BE29800B6D6A7 /* NewsCell.xib in Resources */,
				3410635B2C39D60300FC128A /* News.storyboard in Resources */,
			);
			runOnlyForDeploymentPostprocessing = 0;
		};
		341063642C39D60500FC128A /* Resources */ = {
			isa = PBXResourcesBuildPhase;
			buildActionMask = 2147483647;
			files = (
			);
			runOnlyForDeploymentPostprocessing = 0;
		};
		3410636E2C39D60500FC128A /* Resources */ = {
			isa = PBXResourcesBuildPhase;
			buildActionMask = 2147483647;
			files = (
			);
			runOnlyForDeploymentPostprocessing = 0;
		};
/* End PBXResourcesBuildPhase section */

/* Begin PBXSourcesBuildPhase section */
		3410634C2C39D60300FC128A /* Sources */ = {
			isa = PBXSourcesBuildPhase;
			buildActionMask = 2147483647;
			files = (
				34D092942C3BC51300B6D6A7 /* NetworkManager.swift in Sources */,
				34C54EE42C3BF14E002DDE6A /* Popup.swift in Sources */,
				34C54EE82C3BFA95002DDE6A /* ImageLoader.swift in Sources */,
				34D092962C3BC5DB00B6D6A7 /* Routes.swift in Sources */,
				34C54EE62C3BF8E6002DDE6A /* ArticleVC.swift in Sources */,
				341063582C39D60300FC128A /* NewsVC.swift in Sources */,
				341063542C39D60300FC128A /* AppDelegate.swift in Sources */,
				34C54EE22C3BF132002DDE6A /* ActivityIndicator.swift in Sources */,
				341063562C39D60300FC128A /* SceneDelegate.swift in Sources */,
				34D092922C3BC45800B6D6A7 /* NewsAPIManager.swift in Sources */,
				34D092902C3BC3D300B6D6A7 /* News.swift in Sources */,
				34D0928E2C3BC35E00B6D6A7 /* NewsViewModel.swift in Sources */,
				34D0929C2C3BE26000B6D6A7 /* NewsAdapter.swift in Sources */,
				34D0929A2C3BC97200B6D6A7 /* Constants.swift in Sources */,
				34D0929F2C3BE29800B6D6A7 /* NewsCell.swift in Sources */,
			);
			runOnlyForDeploymentPostprocessing = 0;
		};
		341063622C39D60500FC128A /* Sources */ = {
			isa = PBXSourcesBuildPhase;
			buildActionMask = 2147483647;
			files = (
				3410636B2C39D60500FC128A /* News_AppTests.swift in Sources */,
			);
			runOnlyForDeploymentPostprocessing = 0;
		};
		3410636C2C39D60500FC128A /* Sources */ = {
			isa = PBXSourcesBuildPhase;
			buildActionMask = 2147483647;
			files = (
				341063772C39D60500FC128A /* News_AppUITestsLaunchTests.swift in Sources */,
				341063752C39D60500FC128A /* News_AppUITests.swift in Sources */,
			);
			runOnlyForDeploymentPostprocessing = 0;
		};
/* End PBXSourcesBuildPhase section */

/* Begin PBXTargetDependency section */
		341063682C39D60500FC128A /* PBXTargetDependency */ = {
			isa = PBXTargetDependency;
			target = 3410634F2C39D60300FC128A /* News App */;
			targetProxy = 341063672C39D60500FC128A /* PBXContainerItemProxy */;
		};
		341063722C39D60500FC128A /* PBXTargetDependency */ = {
			isa = PBXTargetDependency;
			target = 3410634F2C39D60300FC128A /* News App */;
			targetProxy = 341063712C39D60500FC128A /* PBXContainerItemProxy */;
		};
/* End PBXTargetDependency section */

/* Begin PBXVariantGroup section */
		341063592C39D60300FC128A /* News.storyboard */ = {
			isa = PBXVariantGroup;
			children = (
				3410635A2C39D60300FC128A /* Base */,
			);
			name = News.storyboard;
			sourceTree = "<group>";
		};
		3410635E2C39D60500FC128A /* LaunchScreen.storyboard */ = {
			isa = PBXVariantGroup;
			children = (
				3410635F2C39D60500FC128A /* Base */,
			);
			name = LaunchScreen.storyboard;
			sourceTree = "<group>";
		};
/* End PBXVariantGroup section */

/* Begin XCBuildConfiguration section */
		341063782C39D60500FC128A /* Debug */ = {
			isa = XCBuildConfiguration;
			buildSettings = {
				ALWAYS_SEARCH_USER_PATHS = NO;
				ASSETCATALOG_COMPILER_GENERATE_SWIFT_ASSET_SYMBOL_EXTENSIONS = YES;
				CLANG_ANALYZER_NONNULL = YES;
				CLANG_ANALYZER_NUMBER_OBJECT_CONVERSION = YES_AGGRESSIVE;
				CLANG_CXX_LANGUAGE_STANDARD = "gnu++20";
				CLANG_ENABLE_MODULES = YES;
				CLANG_ENABLE_OBJC_ARC = YES;
				CLANG_ENABLE_OBJC_WEAK = YES;
				CLANG_WARN_BLOCK_CAPTURE_AUTORELEASING = YES;
				CLANG_WARN_BOOL_CONVERSION = YES;
				CLANG_WARN_COMMA = YES;
				CLANG_WARN_CONSTANT_CONVERSION = YES;
				CLANG_WARN_DEPRECATED_OBJC_IMPLEMENTATIONS = YES;
				CLANG_WARN_DIRECT_OBJC_ISA_USAGE = YES_ERROR;
				CLANG_WARN_DOCUMENTATION_COMMENTS = YES;
				CLANG_WARN_EMPTY_BODY = YES;
				CLANG_WARN_ENUM_CONVERSION = YES;
				CLANG_WARN_INFINITE_RECURSION = YES;
				CLANG_WARN_INT_CONVERSION = YES;
				CLANG_WARN_NON_LITERAL_NULL_CONVERSION = YES;
				CLANG_WARN_OBJC_IMPLICIT_RETAIN_SELF = YES;
				CLANG_WARN_OBJC_LITERAL_CONVERSION = YES;
				CLANG_WARN_OBJC_ROOT_CLASS = YES_ERROR;
				CLANG_WARN_QUOTED_INCLUDE_IN_FRAMEWORK_HEADER = YES;
				CLANG_WARN_RANGE_LOOP_ANALYSIS = YES;
				CLANG_WARN_STRICT_PROTOTYPES = YES;
				CLANG_WARN_SUSPICIOUS_MOVE = YES;
				CLANG_WARN_UNGUARDED_AVAILABILITY = YES_AGGRESSIVE;
				CLANG_WARN_UNREACHABLE_CODE = YES;
				CLANG_WARN__DUPLICATE_METHOD_MATCH = YES;
				COPY_PHASE_STRIP = NO;
				DEBUG_INFORMATION_FORMAT = dwarf;
				ENABLE_STRICT_OBJC_MSGSEND = YES;
				ENABLE_TESTABILITY = YES;
				ENABLE_USER_SCRIPT_SANDBOXING = YES;
				GCC_C_LANGUAGE_STANDARD = gnu17;
				GCC_DYNAMIC_NO_PIC = NO;
				GCC_NO_COMMON_BLOCKS = YES;
				GCC_OPTIMIZATION_LEVEL = 0;
				GCC_PREPROCESSOR_DEFINITIONS = (
					"DEBUG=1",
					"$(inherited)",
				);
				GCC_WARN_64_TO_32_BIT_CONVERSION = YES;
				GCC_WARN_ABOUT_RETURN_TYPE = YES_ERROR;
				GCC_WARN_UNDECLARED_SELECTOR = YES;
				GCC_WARN_UNINITIALIZED_AUTOS = YES_AGGRESSIVE;
				GCC_WARN_UNUSED_FUNCTION = YES;
				GCC_WARN_UNUSED_VARIABLE = YES;
				IPHONEOS_DEPLOYMENT_TARGET = 17.2;
				LOCALIZATION_PREFERS_STRING_CATALOGS = YES;
				MTL_ENABLE_DEBUG_INFO = INCLUDE_SOURCE;
				MTL_FAST_MATH = YES;
				ONLY_ACTIVE_ARCH = YES;
				SDKROOT = iphoneos;
				SWIFT_ACTIVE_COMPILATION_CONDITIONS = "DEBUG $(inherited)";
				SWIFT_OPTIMIZATION_LEVEL = "-Onone";
			};
			name = Debug;
		};
		341063792C39D60500FC128A /* Release */ = {
			isa = XCBuildConfiguration;
			buildSettings = {
				ALWAYS_SEARCH_USER_PATHS = NO;
				ASSETCATALOG_COMPILER_GENERATE_SWIFT_ASSET_SYMBOL_EXTENSIONS = YES;
				CLANG_ANALYZER_NONNULL = YES;
				CLANG_ANALYZER_NUMBER_OBJECT_CONVERSION = YES_AGGRESSIVE;
				CLANG_CXX_LANGUAGE_STANDARD = "gnu++20";
				CLANG_ENABLE_MODULES = YES;
				CLANG_ENABLE_OBJC_ARC = YES;
				CLANG_ENABLE_OBJC_WEAK = YES;
				CLANG_WARN_BLOCK_CAPTURE_AUTORELEASING = YES;
				CLANG_WARN_BOOL_CONVERSION = YES;
				CLANG_WARN_COMMA = YES;
				CLANG_WARN_CONSTANT_CONVERSION = YES;
				CLANG_WARN_DEPRECATED_OBJC_IMPLEMENTATIONS = YES;
				CLANG_WARN_DIRECT_OBJC_ISA_USAGE = YES_ERROR;
				CLANG_WARN_DOCUMENTATION_COMMENTS = YES;
				CLANG_WARN_EMPTY_BODY = YES;
				CLANG_WARN_ENUM_CONVERSION = YES;
				CLANG_WARN_INFINITE_RECURSION = YES;
				CLANG_WARN_INT_CONVERSION = YES;
				CLANG_WARN_NON_LITERAL_NULL_CONVERSION = YES;
				CLANG_WARN_OBJC_IMPLICIT_RETAIN_SELF = YES;
				CLANG_WARN_OBJC_LITERAL_CONVERSION = YES;
				CLANG_WARN_OBJC_ROOT_CLASS = YES_ERROR;
				CLANG_WARN_QUOTED_INCLUDE_IN_FRAMEWORK_HEADER = YES;
				CLANG_WARN_RANGE_LOOP_ANALYSIS = YES;
				CLANG_WARN_STRICT_PROTOTYPES = YES;
				CLANG_WARN_SUSPICIOUS_MOVE = YES;
				CLANG_WARN_UNGUARDED_AVAILABILITY = YES_AGGRESSIVE;
				CLANG_WARN_UNREACHABLE_CODE = YES;
				CLANG_WARN__DUPLICATE_METHOD_MATCH = YES;
				COPY_PHASE_STRIP = NO;
				DEBUG_INFORMATION_FORMAT = "dwarf-with-dsym";
				ENABLE_NS_ASSERTIONS = NO;
				ENABLE_STRICT_OBJC_MSGSEND = YES;
				ENABLE_USER_SCRIPT_SANDBOXING = YES;
				GCC_C_LANGUAGE_STANDARD = gnu17;
				GCC_NO_COMMON_BLOCKS = YES;
				GCC_WARN_64_TO_32_BIT_CONVERSION = YES;
				GCC_WARN_ABOUT_RETURN_TYPE = YES_ERROR;
				GCC_WARN_UNDECLARED_SELECTOR = YES;
				GCC_WARN_UNINITIALIZED_AUTOS = YES_AGGRESSIVE;
				GCC_WARN_UNUSED_FUNCTION = YES;
				GCC_WARN_UNUSED_VARIABLE = YES;
				IPHONEOS_DEPLOYMENT_TARGET = 17.2;
				LOCALIZATION_PREFERS_STRING_CATALOGS = YES;
				MTL_ENABLE_DEBUG_INFO = NO;
				MTL_FAST_MATH = YES;
				SDKROOT = iphoneos;
				SWIFT_COMPILATION_MODE = wholemodule;
				VALIDATE_PRODUCT = YES;
			};
			name = Release;
		};
		3410637B2C39D60500FC128A /* Debug */ = {
			isa = XCBuildConfiguration;
			buildSettings = {
				ASSETCATALOG_COMPILER_APPICON_NAME = AppIcon;
				ASSETCATALOG_COMPILER_GLOBAL_ACCENT_COLOR_NAME = AccentColor;
				CODE_SIGN_STYLE = Automatic;
				CURRENT_PROJECT_VERSION = 1;
				DEVELOPMENT_TEAM = L8W637C83W;
				GENERATE_INFOPLIST_FILE = YES;
				INFOPLIST_FILE = "News App/Configuration/Info.plist";
				INFOPLIST_KEY_UIApplicationSupportsIndirectInputEvents = YES;
				INFOPLIST_KEY_UILaunchStoryboardName = LaunchScreen;
				INFOPLIST_KEY_UIMainStoryboardFile = News;
				INFOPLIST_KEY_UISupportedInterfaceOrientations_iPad = "UIInterfaceOrientationPortrait UIInterfaceOrientationPortraitUpsideDown UIInterfaceOrientationLandscapeLeft UIInterfaceOrientationLandscapeRight";
				INFOPLIST_KEY_UISupportedInterfaceOrientations_iPhone = "UIInterfaceOrientationPortrait UIInterfaceOrientationLandscapeLeft UIInterfaceOrientationLandscapeRight";
				LD_RUNPATH_SEARCH_PATHS = (
					"$(inherited)",
					"@executable_path/Frameworks",
				);
				MARKETING_VERSION = 1.0;
				PRODUCT_BUNDLE_IDENTIFIER = com.adilyousuf.newsapp;
				PRODUCT_NAME = "$(TARGET_NAME)";
				SWIFT_EMIT_LOC_STRINGS = YES;
				SWIFT_VERSION = 5.0;
				TARGETED_DEVICE_FAMILY = "1,2";
			};
			name = Debug;
		};
		3410637C2C39D60500FC128A /* Release */ = {
			isa = XCBuildConfiguration;
			buildSettings = {
				ASSETCATALOG_COMPILER_APPICON_NAME = AppIcon;
				ASSETCATALOG_COMPILER_GLOBAL_ACCENT_COLOR_NAME = AccentColor;
				CODE_SIGN_STYLE = Automatic;
				CURRENT_PROJECT_VERSION = 1;
				DEVELOPMENT_TEAM = L8W637C83W;
				GENERATE_INFOPLIST_FILE = YES;
				INFOPLIST_FILE = "News App/Configuration/Info.plist";
				INFOPLIST_KEY_UIApplicationSupportsIndirectInputEvents = YES;
				INFOPLIST_KEY_UILaunchStoryboardName = LaunchScreen;
				INFOPLIST_KEY_UIMainStoryboardFile = News;
				INFOPLIST_KEY_UISupportedInterfaceOrientations_iPad = "UIInterfaceOrientationPortrait UIInterfaceOrientationPortraitUpsideDown UIInterfaceOrientationLandscapeLeft UIInterfaceOrientationLandscapeRight";
				INFOPLIST_KEY_UISupportedInterfaceOrientations_iPhone = "UIInterfaceOrientationPortrait UIInterfaceOrientationLandscapeLeft UIInterfaceOrientationLandscapeRight";
				LD_RUNPATH_SEARCH_PATHS = (
					"$(inherited)",
					"@executable_path/Frameworks",
				);
				MARKETING_VERSION = 1.0;
				PRODUCT_BUNDLE_IDENTIFIER = com.adilyousuf.newsapp;
				PRODUCT_NAME = "$(TARGET_NAME)";
				SWIFT_EMIT_LOC_STRINGS = YES;
				SWIFT_VERSION = 5.0;
				TARGETED_DEVICE_FAMILY = "1,2";
			};
			name = Release;
		};
		3410637E2C39D60500FC128A /* Debug */ = {
			isa = XCBuildConfiguration;
			buildSettings = {
				ALWAYS_EMBED_SWIFT_STANDARD_LIBRARIES = YES;
				BUNDLE_LOADER = "$(TEST_HOST)";
				CODE_SIGN_STYLE = Automatic;
				CURRENT_PROJECT_VERSION = 1;
				DEVELOPMENT_TEAM = L8W637C83W;
				GENERATE_INFOPLIST_FILE = YES;
				IPHONEOS_DEPLOYMENT_TARGET = 17.2;
				MARKETING_VERSION = 1.0;
				PRODUCT_BUNDLE_IDENTIFIER = "com.adilyousuf.newsapp.News-AppTests";
				PRODUCT_NAME = "$(TARGET_NAME)";
				SWIFT_EMIT_LOC_STRINGS = NO;
				SWIFT_VERSION = 5.0;
				TARGETED_DEVICE_FAMILY = "1,2";
				TEST_HOST = "$(BUILT_PRODUCTS_DIR)/News App.app/$(BUNDLE_EXECUTABLE_FOLDER_PATH)/News App";
			};
			name = Debug;
		};
		3410637F2C39D60500FC128A /* Release */ = {
			isa = XCBuildConfiguration;
			buildSettings = {
				ALWAYS_EMBED_SWIFT_STANDARD_LIBRARIES = YES;
				BUNDLE_LOADER = "$(TEST_HOST)";
				CODE_SIGN_STYLE = Automatic;
				CURRENT_PROJECT_VERSION = 1;
				DEVELOPMENT_TEAM = L8W637C83W;
				GENERATE_INFOPLIST_FILE = YES;
				IPHONEOS_DEPLOYMENT_TARGET = 17.2;
				MARKETING_VERSION = 1.0;
				PRODUCT_BUNDLE_IDENTIFIER = "com.adilyousuf.newsapp.News-AppTests";
				PRODUCT_NAME = "$(TARGET_NAME)";
				SWIFT_EMIT_LOC_STRINGS = NO;
				SWIFT_VERSION = 5.0;
				TARGETED_DEVICE_FAMILY = "1,2";
				TEST_HOST = "$(BUILT_PRODUCTS_DIR)/News App.app/$(BUNDLE_EXECUTABLE_FOLDER_PATH)/News App";
			};
			name = Release;
		};
		341063812C39D60500FC128A /* Debug */ = {
			isa = XCBuildConfiguration;
			buildSettings = {
				ALWAYS_EMBED_SWIFT_STANDARD_LIBRARIES = YES;
				CODE_SIGN_STYLE = Automatic;
				CURRENT_PROJECT_VERSION = 1;
				DEVELOPMENT_TEAM = L8W637C83W;
				GENERATE_INFOPLIST_FILE = YES;
				MARKETING_VERSION = 1.0;
				PRODUCT_BUNDLE_IDENTIFIER = "com.adilyousuf.newsapp.News-AppUITests";
				PRODUCT_NAME = "$(TARGET_NAME)";
				SWIFT_EMIT_LOC_STRINGS = NO;
				SWIFT_VERSION = 5.0;
				TARGETED_DEVICE_FAMILY = "1,2";
				TEST_TARGET_NAME = "News App";
			};
			name = Debug;
		};
		341063822C39D60500FC128A /* Release */ = {
			isa = XCBuildConfiguration;
			buildSettings = {
				ALWAYS_EMBED_SWIFT_STANDARD_LIBRARIES = YES;
				CODE_SIGN_STYLE = Automatic;
				CURRENT_PROJECT_VERSION = 1;
				DEVELOPMENT_TEAM = L8W637C83W;
				GENERATE_INFOPLIST_FILE = YES;
				MARKETING_VERSION = 1.0;
				PRODUCT_BUNDLE_IDENTIFIER = "com.adilyousuf.newsapp.News-AppUITests";
				PRODUCT_NAME = "$(TARGET_NAME)";
				SWIFT_EMIT_LOC_STRINGS = NO;
				SWIFT_VERSION = 5.0;
				TARGETED_DEVICE_FAMILY = "1,2";
				TEST_TARGET_NAME = "News App";
			};
			name = Release;
		};
/* End XCBuildConfiguration section */

/* Begin XCConfigurationList section */
		3410634B2C39D60300FC128A /* Build configuration list for PBXProject "News App" */ = {
			isa = XCConfigurationList;
			buildConfigurations = (
				341063782C39D60500FC128A /* Debug */,
				341063792C39D60500FC128A /* Release */,
			);
			defaultConfigurationIsVisible = 0;
			defaultConfigurationName = Release;
		};
		3410637A2C39D60500FC128A /* Build configuration list for PBXNativeTarget "News App" */ = {
			isa = XCConfigurationList;
			buildConfigurations = (
				3410637B2C39D60500FC128A /* Debug */,
				3410637C2C39D60500FC128A /* Release */,
			);
			defaultConfigurationIsVisible = 0;
			defaultConfigurationName = Release;
		};
		3410637D2C39D60500FC128A /* Build configuration list for PBXNativeTarget "News AppTests" */ = {
			isa = XCConfigurationList;
			buildConfigurations = (
				3410637E2C39D60500FC128A /* Debug */,
				3410637F2C39D60500FC128A /* Release */,
			);
			defaultConfigurationIsVisible = 0;
			defaultConfigurationName = Release;
		};
		341063802C39D60500FC128A /* Build configuration list for PBXNativeTarget "News AppUITests" */ = {
			isa = XCConfigurationList;
			buildConfigurations = (
				341063812C39D60500FC128A /* Debug */,
				341063822C39D60500FC128A /* Release */,
			);
			defaultConfigurationIsVisible = 0;
			defaultConfigurationName = Release;
		};
/* End XCConfigurationList section */
	};
	rootObject = 341063482C39D60300FC128A /* Project object */;
}
